
Microsoft Visual Studio Solution File, Format Version 12.00
# Visual Studio Version 17
VisualStudioVersion = 17.3.32804.467
MinimumVisualStudioVersion = 10.0.40219.1
Project("{FAE04EC0-301F-11D3-BF4B-00C04F79EFBC}") = "Wpf_Work_4", "Wpf_Work_4\Wpf_Work_4.csproj", "{20C6681E-1BCC-440F-B7AC-279FC5D9BFEC}"
EndProject
Global
	GlobalSection(SolutionConfigurationPlatforms) = preSolution
		Debug|Any CPU = Debug|Any CPU
		Release|Any CPU = Release|Any CPU
	EndGlobalSection
	GlobalSection(ProjectConfigurationPlatforms) = postSolution
		{20C6681E-1BCC-440F-B7AC-279FC5D9BFEC}.Debug|Any CPU.ActiveCfg = Debug|Any CPU
		{20C6681E-1BCC-440F-B7AC-279FC5D9BFEC}.Debug|Any CPU.Build.0 = Debug|Any CPU
		{20C6681E-1BCC-440F-B7AC-279FC5D9BFEC}.Release|Any CPU.ActiveCfg = Release|Any CPU
		{20C6681E-1BCC-440F-B7AC-279FC5D9BFEC}.Release|Any CPU.Build.0 = Release|Any CPU
	EndGlobalSection
	GlobalSection(SolutionProperties) = preSolution
		HideSolutionNode = FALSE
	EndGlobalSection
	GlobalSection(ExtensibilityGlobals) = postSolution
		SolutionGuid = {BAF4DF4C-3413-41C3-A881-64EA1DE78CD0}
	EndGlobalSection
EndGlobal
